
Microsoft Visual Studio Solution File, Format Version 12.00
# Visual Studio Version 16
VisualStudioVersion = 16.0.29806.167
MinimumVisualStudioVersion = 10.0.40219.1
Project("{2150E333-8FDC-42A3-9474-1A3956D46DE8}") = "Data", "Data", "{5DBCC075-75B5-4EAC-AB64-B9F765625D08}"
EndProject
Project("{2150E333-8FDC-42A3-9474-1A3956D46DE8}") = "Services", "Services", "{99110D0A-632D-4F3D-861A-3E617A60B727}"
EndProject
Project("{2150E333-8FDC-42A3-9474-1A3956D46DE8}") = "Web", "Web", "{A2169507-2471-4CB8-A4D0-A532719D39A8}"
EndProject
Project("{9A19103F-16F7-4668-BE54-9A1E7A4F7556}") = "CHE.Data", "Data\CHE.Data\CHE.Data.csproj", "{E4D07FE2-18A7-4BDA-9844-B29CC0CD9850}"
EndProject
Project("{9A19103F-16F7-4668-BE54-9A1E7A4F7556}") = "CHE.Data.Models", "Data\CHE.Data.Models\CHE.Data.Models.csproj", "{D47D72E3-D033-4EB1-B95F-9C325807256A}"
EndProject
Project("{9A19103F-16F7-4668-BE54-9A1E7A4F7556}") = "CHE.Data.Common", "Data\CHE.Data.Common\CHE.Data.Common.csproj", "{FD995F76-7131-4E1E-A43F-9F4DBB230D0F}"
EndProject
Project("{9A19103F-16F7-4668-BE54-9A1E7A4F7556}") = "CHE.Services.Data", "Services\CHE.Services.Data\CHE.Services.Data.csproj", "{AD1E61F2-6ED7-41CC-B81F-31FD346EDA89}"
EndProject
Project("{9A19103F-16F7-4668-BE54-9A1E7A4F7556}") = "CHE.Services.Mapping", "Services\CHE.Services.Mapping\CHE.Services.Mapping.csproj", "{C32717D4-72A3-4935-916E-777653E7DCC7}"
EndProject
Project("{9A19103F-16F7-4668-BE54-9A1E7A4F7556}") = "CHE.Services", "Services\CHE.Services\CHE.Services.csproj", "{64A75085-7B18-4BA6-9779-5404A7F42D7C}"
EndProject
Project("{9A19103F-16F7-4668-BE54-9A1E7A4F7556}") = "CHE.Web.ViewModels", "Web\CHE.Web.ViewModels\CHE.Web.ViewModels.csproj", "{02955205-1762-4B4E-9847-157A9EC879C6}"
EndProject
Project("{9A19103F-16F7-4668-BE54-9A1E7A4F7556}") = "CHE.Web.InputModels", "Web\CHE.Web.InputModels\CHE.Web.InputModels.csproj", "{518F86C7-29B1-4B7E-BED5-BC993088161E}"
EndProject
Project("{2150E333-8FDC-42A3-9474-1A3956D46DE8}") = "Tests", "Tests", "{F482F9C6-445B-4DBE-891F-B3C61542EF32}"
EndProject
Project("{9A19103F-16F7-4668-BE54-9A1E7A4F7556}") = "CHE.Services.Data.Tests", "Tests\CHE.Services.Data.Tests\CHE.Services.Data.Tests.csproj", "{C4675913-559A-4DA9-B4DD-4A3B630E0FD4}"
EndProject
Project("{FAE04EC0-301F-11D3-BF4B-00C04F79EFBC}") = "CHE.Web", "Web\CHE.Web\CHE.Web.csproj", "{1F91A44B-01CF-4D26-B01D-CEF412C9CE87}"
EndProject
Global
	GlobalSection(SolutionConfigurationPlatforms) = preSolution
		Debug|Any CPU = Debug|Any CPU
		Release|Any CPU = Release|Any CPU
	EndGlobalSection
	GlobalSection(ProjectConfigurationPlatforms) = postSolution
		{E4D07FE2-18A7-4BDA-9844-B29CC0CD9850}.Debug|Any CPU.ActiveCfg = Debug|Any CPU
		{E4D07FE2-18A7-4BDA-9844-B29CC0CD9850}.Debug|Any CPU.Build.0 = Debug|Any CPU
		{E4D07FE2-18A7-4BDA-9844-B29CC0CD9850}.Release|Any CPU.ActiveCfg = Release|Any CPU
		{E4D07FE2-18A7-4BDA-9844-B29CC0CD9850}.Release|Any CPU.Build.0 = Release|Any CPU
		{D47D72E3-D033-4EB1-B95F-9C325807256A}.Debug|Any CPU.ActiveCfg = Debug|Any CPU
		{D47D72E3-D033-4EB1-B95F-9C325807256A}.Debug|Any CPU.Build.0 = Debug|Any CPU
		{D47D72E3-D033-4EB1-B95F-9C325807256A}.Release|Any CPU.ActiveCfg = Release|Any CPU
		{D47D72E3-D033-4EB1-B95F-9C325807256A}.Release|Any CPU.Build.0 = Release|Any CPU
		{FD995F76-7131-4E1E-A43F-9F4DBB230D0F}.Debug|Any CPU.ActiveCfg = Debug|Any CPU
		{FD995F76-7131-4E1E-A43F-9F4DBB230D0F}.Debug|Any CPU.Build.0 = Debug|Any CPU
		{FD995F76-7131-4E1E-A43F-9F4DBB230D0F}.Release|Any CPU.ActiveCfg = Release|Any CPU
		{FD995F76-7131-4E1E-A43F-9F4DBB230D0F}.Release|Any CPU.Build.0 = Release|Any CPU
		{AD1E61F2-6ED7-41CC-B81F-31FD346EDA89}.Debug|Any CPU.ActiveCfg = Debug|Any CPU
		{AD1E61F2-6ED7-41CC-B81F-31FD346EDA89}.Debug|Any CPU.Build.0 = Debug|Any CPU
		{AD1E61F2-6ED7-41CC-B81F-31FD346EDA89}.Release|Any CPU.ActiveCfg = Release|Any CPU
		{AD1E61F2-6ED7-41CC-B81F-31FD346EDA89}.Release|Any CPU.Build.0 = Release|Any CPU
		{C32717D4-72A3-4935-916E-777653E7DCC7}.Debug|Any CPU.ActiveCfg = Debug|Any CPU
		{C32717D4-72A3-4935-916E-777653E7DCC7}.Debug|Any CPU.Build.0 = Debug|Any CPU
		{C32717D4-72A3-4935-916E-777653E7DCC7}.Release|Any CPU.ActiveCfg = Release|Any CPU
		{C32717D4-72A3-4935-916E-777653E7DCC7}.Release|Any CPU.Build.0 = Release|Any CPU
		{64A75085-7B18-4BA6-9779-5404A7F42D7C}.Debug|Any CPU.ActiveCfg = Debug|Any CPU
		{64A75085-7B18-4BA6-9779-5404A7F42D7C}.Debug|Any CPU.Build.0 = Debug|Any CPU
		{64A75085-7B18-4BA6-9779-5404A7F42D7C}.Release|Any CPU.ActiveCfg = Release|Any CPU
		{64A75085-7B18-4BA6-9779-5404A7F42D7C}.Release|Any CPU.Build.0 = Release|Any CPU
		{02955205-1762-4B4E-9847-157A9EC879C6}.Debug|Any CPU.ActiveCfg = Debug|Any CPU
		{02955205-1762-4B4E-9847-157A9EC879C6}.Debug|Any CPU.Build.0 = Debug|Any CPU
		{02955205-1762-4B4E-9847-157A9EC879C6}.Release|Any CPU.ActiveCfg = Release|Any CPU
		{02955205-1762-4B4E-9847-157A9EC879C6}.Release|Any CPU.Build.0 = Release|Any CPU
		{518F86C7-29B1-4B7E-BED5-BC993088161E}.Debug|Any CPU.ActiveCfg = Debug|Any CPU
		{518F86C7-29B1-4B7E-BED5-BC993088161E}.Debug|Any CPU.Build.0 = Debug|Any CPU
		{518F86C7-29B1-4B7E-BED5-BC993088161E}.Release|Any CPU.ActiveCfg = Release|Any CPU
		{518F86C7-29B1-4B7E-BED5-BC993088161E}.Release|Any CPU.Build.0 = Release|Any CPU
		{C4675913-559A-4DA9-B4DD-4A3B630E0FD4}.Debug|Any CPU.ActiveCfg = Debug|Any CPU
		{C4675913-559A-4DA9-B4DD-4A3B630E0FD4}.Debug|Any CPU.Build.0 = Debug|Any CPU
		{C4675913-559A-4DA9-B4DD-4A3B630E0FD4}.Release|Any CPU.ActiveCfg = Release|Any CPU
		{C4675913-559A-4DA9-B4DD-4A3B630E0FD4}.Release|Any CPU.Build.0 = Release|Any CPU
		{1F91A44B-01CF-4D26-B01D-CEF412C9CE87}.Debug|Any CPU.ActiveCfg = Debug|Any CPU
		{1F91A44B-01CF-4D26-B01D-CEF412C9CE87}.Debug|Any CPU.Build.0 = Debug|Any CPU
		{1F91A44B-01CF-4D26-B01D-CEF412C9CE87}.Release|Any CPU.ActiveCfg = Release|Any CPU
		{1F91A44B-01CF-4D26-B01D-CEF412C9CE87}.Release|Any CPU.Build.0 = Release|Any CPU
	EndGlobalSection
	GlobalSection(SolutionProperties) = preSolution
		HideSolutionNode = FALSE
	EndGlobalSection
	GlobalSection(NestedProjects) = preSolution
		{E4D07FE2-18A7-4BDA-9844-B29CC0CD9850} = {5DBCC075-75B5-4EAC-AB64-B9F765625D08}
		{D47D72E3-D033-4EB1-B95F-9C325807256A} = {5DBCC075-75B5-4EAC-AB64-B9F765625D08}
		{FD995F76-7131-4E1E-A43F-9F4DBB230D0F} = {5DBCC075-75B5-4EAC-AB64-B9F765625D08}
		{AD1E61F2-6ED7-41CC-B81F-31FD346EDA89} = {99110D0A-632D-4F3D-861A-3E617A60B727}
		{C32717D4-72A3-4935-916E-777653E7DCC7} = {99110D0A-632D-4F3D-861A-3E617A60B727}
		{64A75085-7B18-4BA6-9779-5404A7F42D7C} = {99110D0A-632D-4F3D-861A-3E617A60B727}
		{02955205-1762-4B4E-9847-157A9EC879C6} = {A2169507-2471-4CB8-A4D0-A532719D39A8}
		{518F86C7-29B1-4B7E-BED5-BC993088161E} = {A2169507-2471-4CB8-A4D0-A532719D39A8}
		{C4675913-559A-4DA9-B4DD-4A3B630E0FD4} = {F482F9C6-445B-4DBE-891F-B3C61542EF32}
		{1F91A44B-01CF-4D26-B01D-CEF412C9CE87} = {A2169507-2471-4CB8-A4D0-A532719D39A8}
	EndGlobalSection
	GlobalSection(ExtensibilityGlobals) = postSolution
		SolutionGuid = {41933BC4-BB37-4C6C-96CD-8FDAA19892EC}
	EndGlobalSection
EndGlobal
